github.com/creack/pty v1.1.9/go.mod h1:oKZEueFk5CKHvIhNR5MUki03XCEU+Q6VDXinZuGJ33E=
github.com/davecgh/go-spew v1.1.1 h1:vj9j/u1bqnvCEfJOwUhtlOARqs3+rkHYY13jYWTU97c=
github.com/davecgh/go-spew v1.1.1/go.mod h1:J7Y8YcW2NihsgmVo/mv3lAwl/skON4iLHjSsI+c5H38=
github.com/golang-infrastructure/go-goroutine-id v0.0.0-20230331174358-98b48a64077b h1:kt3zNiijgkfPm47YaL4MaQJkw0T7ukEEttnCQMOcWxo=
github.com/golang-infrastructure/go-goroutine-id v0.0.0-20230331174358-98b48a64077b/go.mod h1:1L+eneS0HXUlZP0tmESGhlmpJ3hl063JGz6UQaJCmY0=
github.com/golang-infrastructure/go-goroutine-id v0.0.0-20230917075314-f1af231c0b06 h1:A28MrYe3pSClGhMVyTQF6wd3h3Tt/U31nddoK60+HZQ=
github.com/golang-infrastructure/go-goroutine-id v0.0.0-20230917075314-f1af231c0b06/go.mod h1:1L+eneS0HXUlZP0tmESGhlmpJ3hl063JGz6UQaJCmY0=
github.com/golang-infrastructure/go-iterator v0.0.0-20230524171120-56988a9b127c h1:h4321AFRVv5rTKcColUjE5pa+Y1exG1e6aEXn43L/Eg=
github.com/golang-infrastructure/go-iterator v0.0.0-20230524171120-56988a9b127c/go.mod h1:Guf14ZZ7f7qiE0YpZbUkICcm7LWc3nrn3/gDObT//WI=
github.com/golang-infrastructure/go-pointer v0.0.5 h1:wzZ/XnXKzD3DWECTnUpUh+xAlGSWqfn/pQyusPNsqrQ=
github.com/golang-infrastructure/go-pointer v0.0.5/go.mod h1:SBP0/8QH+mr8LGP/tDo28EQ2b45WqfzjXYbPjmK88g8=
github.com/golang-infrastructure/go-reflect-utils v0.0.0-20221130143747-965ef2eb09c3 h1:jJ7AdpNdLQudsx1hiXY9iwmauHARV4/UB52KnBh9Se0=
github.com/golang-infrastructure/go-reflect-utils v0.0.0-20221130143747-965ef2eb09c3/go.mod h1:zqXYxqOBa1mL2ilBK6PuH/Wb/Iego7en6XhiKWdZQHI=
github.com/google/uuid v1.3.0 h1:t6JiXgmwXMjEs8VusXIJk2BXHsn+wx8BZdTaoZ5fu7I=
github.com/google/uuid v1.3.0/go.mod h1:TIyPZe4MgqvfeYDBFedMoGGpEw/LqOeaOT+nhxU+yHo=
github.com/google/uuid v1.3.1 h1:KjJaJ9iWZ3jOFZIf1Lqf4laDRCasjl0BCmnEGxkdLb4=
github.com/google/uuid v1.3.1/go.mod h1:TIyPZe4MgqvfeYDBFedMoGGpEw/LqOeaOT+nhxU+yHo=
github.com/kr/pretty v0.2.1/go.mod h1:ipq/a2n7PKx3OHsz4KJII5eveXtPO4qwEXGdVfWzfnI=
github.com/kr/pretty v0.3.1 h1:flRD4NNwYAUpkphVc1HcthR4KEIFJ65n8Mw5qdRn3LE=
github.com/kr/pretty v0.3.1/go.mod h1:hoEshYVHaxMs3cyo3Yncou5ZscifuDolrwPKZanG3xk=
github.com/kr/pty v1.1.1/go.mod h1:pFQYn66WHrOpPYNljwOMqo10TkYh1fy3cYio2l3bCsQ=
github.com/kr/text v0.1.0/go.mod h1:4Jbv+DJW3UT/LiOwJeYQe1efqtUx/iVham/4vfdArNI=
github.com/kr/text v0.2.0 h1:5Nx0Ya0ZqY2ygV366QzturHI13Jq95ApcVaJBhpS+AY=
github.com/kr/text v0.2.0/go.mod h1:eLer722TekiGuMkidMxC/pM04lWEeraHUUmBw8l2grE=
github.com/pkg/diff v0.0.0-20210226163009-20ebb0f2a09e/go.mod h1:pJLUxLENpZxwdsKMEsNbx1VGcRFpLqf3715MtcvvzbA=
github.com/pmezard/go-difflib v1.0.0 h1:4DBwDE0NGyQoBHbLQYPwSUPoCMWR5BEzIk/f1lZbAQM=
github.com/pmezard/go-difflib v1.0.0/go.mod h1:iKH77koFhYxTK1pcRnkKkqfTogsbg7gZNVY4sRDYZ/4=
github.com/rogpeppe/go-internal v1.9.0/go.mod h1:WtVeX8xhTBvf0smdhujwtBcq4Qrzq/fJaraNFVN+nFs=
github.com/rogpeppe/go-internal v1.10.0 h1:TMyTOH3F/DB16zRVcYyreMH6GnZZrwQVAoYjRBZyWFQ=
github.com/rogpeppe/go-internal v1.10.0/go.mod h1:UQnix2H7Ngw/k4C5ijL5+65zddjncjaFoBhdsK/akog=
github.com/storage-lock/go-events v0.0.1 h1:8abGhlhmJGzn8Pq/LjAbPfAyGs70ZNjwoc7/OITMmUg=
github.com/storage-lock/go-events v0.0.1/go.mod h1:DKwPgfuq8T8CyPLipH+0XHsNt8hEN4g9krUGfosU2oY=
github.com/storage-lock/go-events v0.0.2 h1:e5zZ5oP3ErSZWJfwIoMwfmV3/PbKQzHg/gvCg3NmSts=
github.com/storage-lock/go-events v0.0.2/go.mod h1:DKwPgfuq8T8CyPLipH+0XHsNt8hEN4g9krUGfosU2oY=
github.com/storage-lock/go-events v0.0.3 h1:QuNbaREe5m1WYC0meKs7SRJ5lY11a18jCJJS/mGD3SA=
github.com/storage-lock/go-events v0.0.3/go.mod h1:DKwPgfuq8T8CyPLipH+0XHsNt8hEN4g9krUGfosU2oY=
github.com/storage-lock/go-storage v0.0.2 h1:N5glUlrr1bbJ8ixYsPmOv+TuhIOObX/65+hrNMPWFDc=
github.com/storage-lock/go-storage v0.0.2/go.mod h1:4vuU2nLdbmzj2UIBKpwB5lj8RI+GnPDZ4YHZ7QAcFHE=
github.com/storage-lock/go-storage-events v0.0.2 h1:gXGiltZvRzZOXsjqhlyessa+Zpk4qI2kjyRGAGsknwM=
github.com/storage-lock/go-storage-events v0.0.2/go.mod h1:+8kr/WdyaVUJiCqi2MKZkWxeIF8DmhTm+s0OkE+XKaw=
github.com/storage-lock/go-storage-events v0.0.3 h1:b7zbhBs3c555ZMBo/fRzZdEITIr+noOvbc41lLSlxkI=
github.com/storage-lock/go-storage-events v0.0.3/go.mod h1:aBMVsOSr61+BLxO3QnU5FwKd5bdMGE4IpV0oDrAg8uQ=
github.com/storage-lock/go-storage-events v0.0.4 h1:w5RpBxXxRNhaDr+3hVhS+W81qmCxtUyK0SAjd7qicg8=
github.com/storage-lock/go-storage-events v0.0.4/go.mod h1:aBMVsOSr61+BLxO3QnU5FwKd5bdMGE4IpV0oDrAg8uQ=
github.com/storage-lock/go-storage-events v0.0.5 h1:qUgB/VZIQNM0PIos67T9D1JIqu3Yiu3+YDpuHEal3FI=
github.com/storage-lock/go-storage-events v0.0.5/go.mod h1:aBMVsOSr61+BLxO3QnU5FwKd5bdMGE4IpV0oDrAg8uQ=
github.com/storage-lock/go-utils v0.0.2 h1:pdacTOlD+AHqwWVmDqZLcjKF+7p8TjsmlvZ9bmmkIfE=
github.com/storage-lock/go-utils v0.0.2/go.mod h1:tx8ATHL7yOC0Nyjpba7hJNk0+QNt2XEnMr8NcGm9Gak=
github.com/stretchr/testify v1.8.4 h1:CcVxjf3Q8PM0mHUKJCdn+eZZtm5yQwehR5yeSVQQcUk=
github.com/stretchr/testify v1.8.4/go.mod h1:sz/lmYIOXD/1dqDmKjjqLyZ2RngseejIcXlSw2iwfAo=
gopkg.in/check.v1 v0.0.0-20161208181325-20d25e280405/go.mod h1:Co6ibVJAznAaIkqp8huTwlJQCZ016jof/cbN4VW5Yz0=
gopkg.in/check.v1 v1.0.0-20201130134442-10cb98267c6c h1:Hei/4ADfdWqJk1ZMxUNpqntNwaWcugrBjAiHlqqRiVk=
gopkg.in/check.v1 v1.0.0-20201130134442-10cb98267c6c/go.mod h1:JHkPIbrfpd72SG/EVd6muEfDQjcINNoR0C8j2r3qZ4Q=
gopkg.in/yaml.v3 v3.0.1 h1:fxVm/GzAzEWqLHuvctI91KS9hhNmmWOoWu0XTYJS7CA=
gopkg.in/yaml.v3 v3.0.1/go.mod h1:K4uyk7z7BCEPqu6E+C64Yfv1cQ7kz7rIZviUmN+EgEM=
